// !$*UTF8*$!
{
	archiveVersion = 1;
	classes = {
	};
	objectVersion = 77;
	objects = {

/* Begin PBXContainerItemProxy section */
		96DF2EFE2DD2C432004E28DB /* PBXContainerItemProxy */ = {
			isa = PBXContainerItemProxy;
			containerPortal = 96DF2EE52DD2C431004E28DB /* Project object */;
			proxyType = 1;
			remoteGlobalIDString = 96DF2EEC2DD2C431004E28DB;
			remoteInfo = "Testes Unitarios";
		};
		96DF2F082DD2C432004E28DB /* PBXContainerItemProxy */ = {
			isa = PBXContainerItemProxy;
			containerPortal = 96DF2EE52DD2C431004E28DB /* Project object */;
			proxyType = 1;
			remoteGlobalIDString = 96DF2EEC2DD2C431004E28DB;
			remoteInfo = "Testes Unitarios";
		};
/* End PBXContainerItemProxy section */

/* Begin PBXFileReference section */
		96DF2EED2DD2C431004E28DB /* Testes Unitarios.app */ = {isa = PBXFileReference; explicitFileType = wrapper.application; includeInIndex = 0; path = "Testes Unitarios.app"; sourceTree = BUILT_PRODUCTS_DIR; };
		96DF2EFD2DD2C432004E28DB /* Testes UnitariosTests.xctest */ = {isa = PBXFileReference; explicitFileType = wrapper.cfbundle; includeInIndex = 0; path = "Testes UnitariosTests.xctest"; sourceTree = BUILT_PRODUCTS_DIR; };
		96DF2F072DD2C432004E28DB /* Testes UnitariosUITests.xctest */ = {isa = PBXFileReference; explicitFileType = wrapper.cfbundle; includeInIndex = 0; path = "Testes UnitariosUITests.xctest"; sourceTree = BUILT_PRODUCTS_DIR; };
/* End PBXFileReference section */

/* Begin PBXFileSystemSynchronizedRootGroup section */
		96DF2EEF2DD2C431004E28DB /* Testes Unitarios */ = {
			isa = PBXFileSystemSynchronizedRootGroup;
			path = "Testes Unitarios";
			sourceTree = "<group>";
		};
		96DF2F002DD2C432004E28DB /* Testes UnitariosTests */ = {
			isa = PBXFileSystemSynchronizedRootGroup;
			path = "Testes UnitariosTests";
			sourceTree = "<group>";
		};
		96DF2F0A2DD2C432004E28DB /* Testes UnitariosUITests */ = {
			isa = PBXFileSystemSynchronizedRootGroup;
			path = "Testes UnitariosUITests";
			sourceTree = "<group>";
		};
/* End PBXFileSystemSynchronizedRootGroup section */

/* Begin PBXFrameworksBuildPhase section */
		96DF2EEA2DD2C431004E28DB /* Frameworks */ = {
			isa = PBXFrameworksBuildPhase;
			buildActionMask = 2147483647;
			files = (
			);
			runOnlyForDeploymentPostprocessing = 0;
		};
		96DF2EFA2DD2C432004E28DB /* Frameworks */ = {
			isa = PBXFrameworksBuildPhase;
			buildActionMask = 2147483647;
			files = (
			);
			runOnlyForDeploymentPostprocessing = 0;
		};
		96DF2F042DD2C432004E28DB /* Frameworks */ = {
			isa = PBXFrameworksBuildPhase;
			buildActionMask = 2147483647;
			files = (
			);
			runOnlyForDeploymentPostprocessing = 0;
		};
/* End PBXFrameworksBuildPhase section */

/* Begin PBXGroup section */
		96DF2EE42DD2C431004E28DB = {
			isa = PBXGroup;
			children = (
				96DF2EEF2DD2C431004E28DB /* Testes Unitarios */,
				96DF2F002DD2C432004E28DB /* Testes UnitariosTests */,
				96DF2F0A2DD2C432004E28DB /* Testes UnitariosUITests */,
				96DF2EEE2DD2C431004E28DB /* Products */,
			);
			sourceTree = "<group>";
		};
		96DF2EEE2DD2C431004E28DB /* Products */ = {
			isa = PBXGroup;
			children = (
				96DF2EED2DD2C431004E28DB /* Testes Unitarios.app */,
				96DF2EFD2DD2C432004E28DB /* Testes UnitariosTests.xctest */,
				96DF2F072DD2C432004E28DB /* Testes UnitariosUITests.xctest */,
			);
			name = Products;
			sourceTree = "<group>";
		};
/* End PBXGroup section */

/* Begin PBXNativeTarget section */
		96DF2EEC2DD2C431004E28DB /* Testes Unitarios */ = {
			isa = PBXNativeTarget;
			buildConfigurationList = 96DF2F112DD2C432004E28DB /* Build configuration list for PBXNativeTarget "Testes Unitarios" */;
			buildPhases = (
				96DF2EE92DD2C431004E28DB /* Sources */,
				96DF2EEA2DD2C431004E28DB /* Frameworks */,
				96DF2EEB2DD2C431004E28DB /* Resources */,
			);
			buildRules = (
			);
			dependencies = (
			);
			fileSystemSynchronizedGroups = (
				96DF2EEF2DD2C431004E28DB /* Testes Unitarios */,
			);
			name = "Testes Unitarios";
			packageProductDependencies = (
			);
			productName = "Testes Unitarios";
			productReference = 96DF2EED2DD2C431004E28DB /* Testes Unitarios.app */;
			productType = "com.apple.product-type.application";
		};
		96DF2EFC2DD2C432004E28DB /* Testes UnitariosTests */ = {
			isa = PBXNativeTarget;
			buildConfigurationList = 96DF2F142DD2C432004E28DB /* Build configuration list for PBXNativeTarget "Testes UnitariosTests" */;
			buildPhases = (
				96DF2EF92DD2C432004E28DB /* Sources */,
				96DF2EFA2DD2C432004E28DB /* Frameworks */,
				96DF2EFB2DD2C432004E28DB /* Resources */,
			);
			buildRules = (
			);
			dependencies = (
				96DF2EFF2DD2C432004E28DB /* PBXTargetDependency */,
			);
			fileSystemSynchronizedGroups = (
				96DF2F002DD2C432004E28DB /* Testes UnitariosTests */,
			);
			name = "Testes UnitariosTests";
			packageProductDependencies = (
			);
			productName = "Testes UnitariosTests";
			productReference = 96DF2EFD2DD2C432004E28DB /* Testes UnitariosTests.xctest */;
			productType = "com.apple.product-type.bundle.unit-test";
		};
		96DF2F062DD2C432004E28DB /* Testes UnitariosUITests */ = {
			isa = PBXNativeTarget;
			buildConfigurationList = 96DF2F172DD2C432004E28DB /* Build configuration list for PBXNativeTarget "Testes UnitariosUITests" */;
			buildPhases = (
				96DF2F032DD2C432004E28DB /* Sources */,
				96DF2F042DD2C432004E28DB /* Frameworks */,
				96DF2F052DD2C432004E28DB /* Resources */,
			);
			buildRules = (
			);
			dependencies = (
				96DF2F092DD2C432004E28DB /* PBXTargetDependency */,
			);
			fileSystemSynchronizedGroups = (
				96DF2F0A2DD2C432004E28DB /* Testes UnitariosUITests */,
			);
			name = "Testes UnitariosUITests";
			packageProductDependencies = (
			);
			productName = "Testes UnitariosUITests";
			productReference = 96DF2F072DD2C432004E28DB /* Testes UnitariosUITests.xctest */;
			productType = "com.apple.product-type.bundle.ui-testing";
		};
/* End PBXNativeTarget section */

/* Begin PBXProject section */
		96DF2EE52DD2C431004E28DB /* Project object */ = {
			isa = PBXProject;
			attributes = {
				BuildIndependentTargetsInParallel = 1;
				LastSwiftUpdateCheck = 1600;
				LastUpgradeCheck = 1600;
				TargetAttributes = {
					96DF2EEC2DD2C431004E28DB = {
						CreatedOnToolsVersion = 16.0;
					};
					96DF2EFC2DD2C432004E28DB = {
						CreatedOnToolsVersion = 16.0;
						TestTargetID = 96DF2EEC2DD2C431004E28DB;
					};
					96DF2F062DD2C432004E28DB = {
						CreatedOnToolsVersion = 16.0;
						TestTargetID = 96DF2EEC2DD2C431004E28DB;
					};
				};
			};
			buildConfigurationList = 96DF2EE82DD2C431004E28DB /* Build configuration list for PBXProject "Testes Unitarios" */;
			developmentRegion = en;
			hasScannedForEncodings = 0;
			knownRegions = (
				en,
				Base,
			);
			mainGroup = 96DF2EE42DD2C431004E28DB;
			minimizedProjectReferenceProxies = 1;
			preferredProjectObjectVersion = 77;
			productRefGroup = 96DF2EEE2DD2C431004E28DB /* Products */;
			projectDirPath = "";
			projectRoot = "";
			targets = (
				96DF2EEC2DD2C431004E28DB /* Testes Unitarios */,
				96DF2EFC2DD2C432004E28DB /* Testes UnitariosTests */,
				96DF2F062DD2C432004E28DB /* Testes UnitariosUITests */,
			);
		};
/* End PBXProject section */

/* Begin PBXResourcesBuildPhase section */
		96DF2EEB2DD2C431004E28DB /* Resources */ = {
			isa = PBXResourcesBuildPhase;
			buildActionMask = 2147483647;
			files = (
			);
			runOnlyForDeploymentPostprocessing = 0;
		};
		96DF2EFB2DD2C432004E28DB /* Resources */ = {
			isa = PBXResourcesBuildPhase;
			buildActionMask = 2147483647;
			files = (
			);
			runOnlyForDeploymentPostprocessing = 0;
		};
		96DF2F052DD2C432004E28DB /* Resources */ = {
			isa = PBXResourcesBuildPhase;
			buildActionMask = 2147483647;
			files = (
			);
			runOnlyForDeploymentPostprocessing = 0;
		};
/* End PBXResourcesBuildPhase section */

/* Begin PBXSourcesBuildPhase section */
		96DF2EE92DD2C431004E28DB /* Sources */ = {
			isa = PBXSourcesBuildPhase;
			buildActionMask = 2147483647;
			files = (
			);
			runOnlyForDeploymentPostprocessing = 0;
		};
		96DF2EF92DD2C432004E28DB /* Sources */ = {
			isa = PBXSourcesBuildPhase;
			buildActionMask = 2147483647;
			files = (
			);
			runOnlyForDeploymentPostprocessing = 0;
		};
		96DF2F032DD2C432004E28DB /* Sources */ = {
			isa = PBXSourcesBuildPhase;
			buildActionMask = 2147483647;
			files = (
			);
			runOnlyForDeploymentPostprocessing = 0;
		};
/* End PBXSourcesBuildPhase section */

/* Begin PBXTargetDependency section */
		96DF2EFF2DD2C432004E28DB /* PBXTargetDependency */ = {
			isa = PBXTargetDependency;
			target = 96DF2EEC2DD2C431004E28DB /* Testes Unitarios */;
			targetProxy = 96DF2EFE2DD2C432004E28DB /* PBXContainerItemProxy */;
		};
		96DF2F092DD2C432004E28DB /* PBXTargetDependency */ = {
			isa = PBXTargetDependency;
			target = 96DF2EEC2DD2C431004E28DB /* Testes Unitarios */;
			targetProxy = 96DF2F082DD2C432004E28DB /* PBXContainerItemProxy */;
		};
/* End PBXTargetDependency section */

/* Begin XCBuildConfiguration section */
		96DF2F0F2DD2C432004E28DB /* Debug */ = {
			isa = XCBuildConfiguration;
			buildSettings = {
				ALWAYS_SEARCH_USER_PATHS = NO;
				ASSETCATALOG_COMPILER_GENERATE_SWIFT_ASSET_SYMBOL_EXTENSIONS = YES;
				CLANG_ANALYZER_NONNULL = YES;
				CLANG_ANALYZER_NUMBER_OBJECT_CONVERSION = YES_AGGRESSIVE;
				CLANG_CXX_LANGUAGE_STANDARD = "gnu++20";
				CLANG_ENABLE_MODULES = YES;
				CLANG_ENABLE_OBJC_ARC = YES;
				CLANG_ENABLE_OBJC_WEAK = YES;
				CLANG_WARN_BLOCK_CAPTURE_AUTORELEASING = YES;
				CLANG_WARN_BOOL_CONVERSION = YES;
				CLANG_WARN_COMMA = YES;
				CLANG_WARN_CONSTANT_CONVERSION = YES;
				CLANG_WARN_DEPRECATED_OBJC_IMPLEMENTATIONS = YES;
				CLANG_WARN_DIRECT_OBJC_ISA_USAGE = YES_ERROR;
				CLANG_WARN_DOCUMENTATION_COMMENTS = YES;
				CLANG_WARN_EMPTY_BODY = YES;
				CLANG_WARN_ENUM_CONVERSION = YES;
				CLANG_WARN_INFINITE_RECURSION = YES;
				CLANG_WARN_INT_CONVERSION = YES;
				CLANG_WARN_NON_LITERAL_NULL_CONVERSION = YES;
				CLANG_WARN_OBJC_IMPLICIT_RETAIN_SELF = YES;
				CLANG_WARN_OBJC_LITERAL_CONVERSION = YES;
				CLANG_WARN_OBJC_ROOT_CLASS = YES_ERROR;
				CLANG_WARN_QUOTED_INCLUDE_IN_FRAMEWORK_HEADER = YES;
				CLANG_WARN_RANGE_LOOP_ANALYSIS = YES;
				CLANG_WARN_STRICT_PROTOTYPES = YES;
				CLANG_WARN_SUSPICIOUS_MOVE = YES;
				CLANG_WARN_UNGUARDED_AVAILABILITY = YES_AGGRESSIVE;
				CLANG_WARN_UNREACHABLE_CODE = YES;
				CLANG_WARN__DUPLICATE_METHOD_MATCH = YES;
				COPY_PHASE_STRIP = NO;
				DEBUG_INFORMATION_FORMAT = dwarf;
				ENABLE_STRICT_OBJC_MSGSEND = YES;
				ENABLE_TESTABILITY = YES;
				ENABLE_USER_SCRIPT_SANDBOXING = YES;
				GCC_C_LANGUAGE_STANDARD = gnu17;
				GCC_DYNAMIC_NO_PIC = NO;
				GCC_NO_COMMON_BLOCKS = YES;
				GCC_OPTIMIZATION_LEVEL = 0;
				GCC_PREPROCESSOR_DEFINITIONS = (
					"DEBUG=1",
					"$(inherited)",
				);
				GCC_WARN_64_TO_32_BIT_CONVERSION = YES;
				GCC_WARN_ABOUT_RETURN_TYPE = YES_ERROR;
				GCC_WARN_UNDECLARED_SELECTOR = YES;
				GCC_WARN_UNINITIALIZED_AUTOS = YES_AGGRESSIVE;
				GCC_WARN_UNUSED_FUNCTION = YES;
				GCC_WARN_UNUSED_VARIABLE = YES;
				IPHONEOS_DEPLOYMENT_TARGET = 18.0;
				LOCALIZATION_PREFERS_STRING_CATALOGS = YES;
				MTL_ENABLE_DEBUG_INFO = INCLUDE_SOURCE;
				MTL_FAST_MATH = YES;
				ONLY_ACTIVE_ARCH = YES;
				SDKROOT = iphoneos;
				SWIFT_ACTIVE_COMPILATION_CONDITIONS = "DEBUG $(inherited)";
				SWIFT_OPTIMIZATION_LEVEL = "-Onone";
			};
			name = Debug;
		};
		96DF2F102DD2C432004E28DB /* Release */ = {
			isa = XCBuildConfiguration;
			buildSettings = {
				ALWAYS_SEARCH_USER_PATHS = NO;
				ASSETCATALOG_COMPILER_GENERATE_SWIFT_ASSET_SYMBOL_EXTENSIONS = YES;
				CLANG_ANALYZER_NONNULL = YES;
				CLANG_ANALYZER_NUMBER_OBJECT_CONVERSION = YES_AGGRESSIVE;
				CLANG_CXX_LANGUAGE_STANDARD = "gnu++20";
				CLANG_ENABLE_MODULES = YES;
				CLANG_ENABLE_OBJC_ARC = YES;
				CLANG_ENABLE_OBJC_WEAK = YES;
				CLANG_WARN_BLOCK_CAPTURE_AUTORELEASING = YES;
				CLANG_WARN_BOOL_CONVERSION = YES;
				CLANG_WARN_COMMA = YES;
				CLANG_WARN_CONSTANT_CONVERSION = YES;
				CLANG_WARN_DEPRECATED_OBJC_IMPLEMENTATIONS = YES;
				CLANG_WARN_DIRECT_OBJC_ISA_USAGE = YES_ERROR;
				CLANG_WARN_DOCUMENTATION_COMMENTS = YES;
				CLANG_WARN_EMPTY_BODY = YES;
				CLANG_WARN_ENUM_CONVERSION = YES;
				CLANG_WARN_INFINITE_RECURSION = YES;
				CLANG_WARN_INT_CONVERSION = YES;
				CLANG_WARN_NON_LITERAL_NULL_CONVERSION = YES;
				CLANG_WARN_OBJC_IMPLICIT_RETAIN_SELF = YES;
				CLANG_WARN_OBJC_LITERAL_CONVERSION = YES;
				CLANG_WARN_OBJC_ROOT_CLASS = YES_ERROR;
				CLANG_WARN_QUOTED_INCLUDE_IN_FRAMEWORK_HEADER = YES;
				CLANG_WARN_RANGE_LOOP_ANALYSIS = YES;
				CLANG_WARN_STRICT_PROTOTYPES = YES;
				CLANG_WARN_SUSPICIOUS_MOVE = YES;
				CLANG_WARN_UNGUARDED_AVAILABILITY = YES_AGGRESSIVE;
				CLANG_WARN_UNREACHABLE_CODE = YES;
				CLANG_WARN__DUPLICATE_METHOD_MATCH = YES;
				COPY_PHASE_STRIP = NO;
				DEBUG_INFORMATION_FORMAT = "dwarf-with-dsym";
				ENABLE_NS_ASSERTIONS = NO;
				ENABLE_STRICT_OBJC_MSGSEND = YES;
				ENABLE_USER_SCRIPT_SANDBOXING = YES;
				GCC_C_LANGUAGE_STANDARD = gnu17;
				GCC_NO_COMMON_BLOCKS = YES;
				GCC_WARN_64_TO_32_BIT_CONVERSION = YES;
				GCC_WARN_ABOUT_RETURN_TYPE = YES_ERROR;
				GCC_WARN_UNDECLARED_SELECTOR = YES;
				GCC_WARN_UNINITIALIZED_AUTOS = YES_AGGRESSIVE;
				GCC_WARN_UNUSED_FUNCTION = YES;
				GCC_WARN_UNUSED_VARIABLE = YES;
				IPHONEOS_DEPLOYMENT_TARGET = 18.0;
				LOCALIZATION_PREFERS_STRING_CATALOGS = YES;
				MTL_ENABLE_DEBUG_INFO = NO;
				MTL_FAST_MATH = YES;
				SDKROOT = iphoneos;
				SWIFT_COMPILATION_MODE = wholemodule;
				VALIDATE_PRODUCT = YES;
			};
			name = Release;
		};
		96DF2F122DD2C432004E28DB /* Debug */ = {
			isa = XCBuildConfiguration;
			buildSettings = {
				ASSETCATALOG_COMPILER_APPICON_NAME = AppIcon;
				ASSETCATALOG_COMPILER_GLOBAL_ACCENT_COLOR_NAME = AccentColor;
				CODE_SIGN_STYLE = Automatic;
				CURRENT_PROJECT_VERSION = 1;
				DEVELOPMENT_ASSET_PATHS = "\"Testes Unitarios/Preview Content\"";
				ENABLE_PREVIEWS = YES;
				GENERATE_INFOPLIST_FILE = YES;
				INFOPLIST_KEY_UIApplicationSceneManifest_Generation = YES;
				INFOPLIST_KEY_UIApplicationSupportsIndirectInputEvents = YES;
				INFOPLIST_KEY_UILaunchScreen_Generation = YES;
				INFOPLIST_KEY_UISupportedInterfaceOrientations_iPad = "UIInterfaceOrientationPortrait UIInterfaceOrientationPortraitUpsideDown UIInterfaceOrientationLandscapeLeft UIInterfaceOrientationLandscapeRight";
				INFOPLIST_KEY_UISupportedInterfaceOrientations_iPhone = "UIInterfaceOrientationPortrait UIInterfaceOrientationLandscapeLeft UIInterfaceOrientationLandscapeRight";
				LD_RUNPATH_SEARCH_PATHS = (
					"$(inherited)",
					"@executable_path/Frameworks",
				);
				MARKETING_VERSION = 1.0;
				PRODUCT_BUNDLE_IDENTIFIER = "com.dev.Testes-Unitarios";
				PRODUCT_NAME = "$(TARGET_NAME)";
				SWIFT_EMIT_LOC_STRINGS = YES;
				SWIFT_VERSION = 5.0;
				TARGETED_DEVICE_FAMILY = "1,2";
			};
			name = Debug;
		};
		96DF2F132DD2C432004E28DB /* Release */ = {
			isa = XCBuildConfiguration;
			buildSettings = {
				ASSETCATALOG_COMPILER_APPICON_NAME = AppIcon;
				ASSETCATALOG_COMPILER_GLOBAL_ACCENT_COLOR_NAME = AccentColor;
				CODE_SIGN_STYLE = Automatic;
				CURRENT_PROJECT_VERSION = 1;
				DEVELOPMENT_ASSET_PATHS = "\"Testes Unitarios/Preview Content\"";
				ENABLE_PREVIEWS = YES;
				GENERATE_INFOPLIST_FILE = YES;
				INFOPLIST_KEY_UIApplicationSceneManifest_Generation = YES;
				INFOPLIST_KEY_UIApplicationSupportsIndirectInputEvents = YES;
				INFOPLIST_KEY_UILaunchScreen_Generation = YES;
				INFOPLIST_KEY_UISupportedInterfaceOrientations_iPad = "UIInterfaceOrientationPortrait UIInterfaceOrientationPortraitUpsideDown UIInterfaceOrientationLandscapeLeft UIInterfaceOrientationLandscapeRight";
				INFOPLIST_KEY_UISupportedInterfaceOrientations_iPhone = "UIInterfaceOrientationPortrait UIInterfaceOrientationLandscapeLeft UIInterfaceOrientationLandscapeRight";
				LD_RUNPATH_SEARCH_PATHS = (
					"$(inherited)",
					"@executable_path/Frameworks",
				);
				MARKETING_VERSION = 1.0;
				PRODUCT_BUNDLE_IDENTIFIER = "com.dev.Testes-Unitarios";
				PRODUCT_NAME = "$(TARGET_NAME)";
				SWIFT_EMIT_LOC_STRINGS = YES;
				SWIFT_VERSION = 5.0;
				TARGETED_DEVICE_FAMILY = "1,2";
			};
			name = Release;
		};
		96DF2F152DD2C432004E28DB /* Debug */ = {
			isa = XCBuildConfiguration;
			buildSettings = {
				BUNDLE_LOADER = "$(TEST_HOST)";
				CODE_SIGN_STYLE = Automatic;
				CURRENT_PROJECT_VERSION = 1;
				GENERATE_INFOPLIST_FILE = YES;
				IPHONEOS_DEPLOYMENT_TARGET = 18.0;
				MARKETING_VERSION = 1.0;
				PRODUCT_BUNDLE_IDENTIFIER = "com.dev.Testes-UnitariosTests";
				PRODUCT_NAME = "$(TARGET_NAME)";
				SWIFT_EMIT_LOC_STRINGS = NO;
				SWIFT_VERSION = 5.0;
				TARGETED_DEVICE_FAMILY = "1,2";
				TEST_HOST = "$(BUILT_PRODUCTS_DIR)/Testes Unitarios.app/$(BUNDLE_EXECUTABLE_FOLDER_PATH)/Testes Unitarios";
			};
			name = Debug;
		};
		96DF2F162DD2C432004E28DB /* Release */ = {
			isa = XCBuildConfiguration;
			buildSettings = {
				BUNDLE_LOADER = "$(TEST_HOST)";
				CODE_SIGN_STYLE = Automatic;
				CURRENT_PROJECT_VERSION = 1;
				GENERATE_INFOPLIST_FILE = YES;
				IPHONEOS_DEPLOYMENT_TARGET = 18.0;
				MARKETING_VERSION = 1.0;
				PRODUCT_BUNDLE_IDENTIFIER = "com.dev.Testes-UnitariosTests";
				PRODUCT_NAME = "$(TARGET_NAME)";
				SWIFT_EMIT_LOC_STRINGS = NO;
				SWIFT_VERSION = 5.0;
				TARGETED_DEVICE_FAMILY = "1,2";
				TEST_HOST = "$(BUILT_PRODUCTS_DIR)/Testes Unitarios.app/$(BUNDLE_EXECUTABLE_FOLDER_PATH)/Testes Unitarios";
			};
			name = Release;
		};
		96DF2F182DD2C432004E28DB /* Debug */ = {
			isa = XCBuildConfiguration;
			buildSettings = {
				CODE_SIGN_STYLE = Automatic;
				CURRENT_PROJECT_VERSION = 1;
				GENERATE_INFOPLIST_FILE = YES;
				MARKETING_VERSION = 1.0;
				PRODUCT_BUNDLE_IDENTIFIER = "com.dev.Testes-UnitariosUITests";
				PRODUCT_NAME = "$(TARGET_NAME)";
				SWIFT_EMIT_LOC_STRINGS = NO;
				SWIFT_VERSION = 5.0;
				TARGETED_DEVICE_FAMILY = "1,2";
				TEST_TARGET_NAME = "Testes Unitarios";
			};
			name = Debug;
		};
		96DF2F192DD2C432004E28DB /* Release */ = {
			isa = XCBuildConfiguration;
			buildSettings = {
				CODE_SIGN_STYLE = Automatic;
				CURRENT_PROJECT_VERSION = 1;
				GENERATE_INFOPLIST_FILE = YES;
				MARKETING_VERSION = 1.0;
				PRODUCT_BUNDLE_IDENTIFIER = "com.dev.Testes-UnitariosUITests";
				PRODUCT_NAME = "$(TARGET_NAME)";
				SWIFT_EMIT_LOC_STRINGS = NO;
				SWIFT_VERSION = 5.0;
				TARGETED_DEVICE_FAMILY = "1,2";
				TEST_TARGET_NAME = "Testes Unitarios";
			};
			name = Release;
		};
/* End XCBuildConfiguration section */

/* Begin XCConfigurationList section */
		96DF2EE82DD2C431004E28DB /* Build configuration list for PBXProject "Testes Unitarios" */ = {
			isa = XCConfigurationList;
			buildConfigurations = (
				96DF2F0F2DD2C432004E28DB /* Debug */,
				96DF2F102DD2C432004E28DB /* Release */,
			);
			defaultConfigurationIsVisible = 0;
			defaultConfigurationName = Release;
		};
		96DF2F112DD2C432004E28DB /* Build configuration list for PBXNativeTarget "Testes Unitarios" */ = {
			isa = XCConfigurationList;
			buildConfigurations = (
				96DF2F122DD2C432004E28DB /* Debug */,
				96DF2F132DD2C432004E28DB /* Release */,
			);
			defaultConfigurationIsVisible = 0;
			defaultConfigurationName = Release;
		};
		96DF2F142DD2C432004E28DB /* Build configuration list for PBXNativeTarget "Testes UnitariosTests" */ = {
			isa = XCConfigurationList;
			buildConfigurations = (
				96DF2F152DD2C432004E28DB /* Debug */,
				96DF2F162DD2C432004E28DB /* Release */,
			);
			defaultConfigurationIsVisible = 0;
			defaultConfigurationName = Release;
		};
		96DF2F172DD2C432004E28DB /* Build configuration list for PBXNativeTarget "Testes UnitariosUITests" */ = {
			isa = XCConfigurationList;
			buildConfigurations = (
				96DF2F182DD2C432004E28DB /* Debug */,
				96DF2F192DD2C432004E28DB /* Release */,
			);
			defaultConfigurationIsVisible = 0;
			defaultConfigurationName = Release;
		};
/* End XCConfigurationList section */
	};
	rootObject = 96DF2EE52DD2C431004E28DB /* Project object */;
}
